
Microsoft Visual Studio Solution File, Format Version 12.00
# Visual Studio Version 16
VisualStudioVersion = 16.0.30114.105
MinimumVisualStudioVersion = 10.0.40219.1
Project("{FAE04EC0-301F-11D3-BF4B-00C04F79EFBC}") = "efcore", "efcore\efcore.csproj", "{F43F8DA5-245D-4C78-9F47-59FC37169777}"
EndProject
Project("{FAE04EC0-301F-11D3-BF4B-00C04F79EFBC}") = "efcore.test", "efcore.test\efcore.test.csproj", "{9A9ACE8C-DA3F-4266-8545-DE6B32EC9999}"
EndProject
Global
	GlobalSection(SolutionConfigurationPlatforms) = preSolution
		Debug|Any CPU = Debug|Any CPU
		Debug|x64 = Debug|x64
		Debug|x86 = Debug|x86
		Release|Any CPU = Release|Any CPU
		Release|x64 = Release|x64
		Release|x86 = Release|x86
	EndGlobalSection
	GlobalSection(SolutionProperties) = preSolution
		HideSolutionNode = FALSE
	EndGlobalSection
	GlobalSection(ProjectConfigurationPlatforms) = postSolution
		{F43F8DA5-245D-4C78-9F47-59FC37169777}.Debug|Any CPU.ActiveCfg = Debug|Any CPU
		{F43F8DA5-245D-4C78-9F47-59FC37169777}.Debug|Any CPU.Build.0 = Debug|Any CPU
		{F43F8DA5-245D-4C78-9F47-59FC37169777}.Debug|x64.ActiveCfg = Debug|Any CPU
		{F43F8DA5-245D-4C78-9F47-59FC37169777}.Debug|x64.Build.0 = Debug|Any CPU
		{F43F8DA5-245D-4C78-9F47-59FC37169777}.Debug|x86.ActiveCfg = Debug|Any CPU
		{F43F8DA5-245D-4C78-9F47-59FC37169777}.Debug|x86.Build.0 = Debug|Any CPU
		{F43F8DA5-245D-4C78-9F47-59FC37169777}.Release|Any CPU.ActiveCfg = Release|Any CPU
		{F43F8DA5-245D-4C78-9F47-59FC37169777}.Release|Any CPU.Build.0 = Release|Any CPU
		{F43F8DA5-245D-4C78-9F47-59FC37169777}.Release|x64.ActiveCfg = Release|Any CPU
		{F43F8DA5-245D-4C78-9F47-59FC37169777}.Release|x64.Build.0 = Release|Any CPU
		{F43F8DA5-245D-4C78-9F47-59FC37169777}.Release|x86.ActiveCfg = Release|Any CPU
		{F43F8DA5-245D-4C78-9F47-59FC37169777}.Release|x86.Build.0 = Release|Any CPU
		{9A9ACE8C-DA3F-4266-8545-DE6B32EC9999}.Debug|Any CPU.ActiveCfg = Debug|Any CPU
		{9A9ACE8C-DA3F-4266-8545-DE6B32EC9999}.Debug|Any CPU.Build.0 = Debug|Any CPU
		{9A9ACE8C-DA3F-4266-8545-DE6B32EC9999}.Debug|x64.ActiveCfg = Debug|Any CPU
		{9A9ACE8C-DA3F-4266-8545-DE6B32EC9999}.Debug|x64.Build.0 = Debug|Any CPU
		{9A9ACE8C-DA3F-4266-8545-DE6B32EC9999}.Debug|x86.ActiveCfg = Debug|Any CPU
		{9A9ACE8C-DA3F-4266-8545-DE6B32EC9999}.Debug|x86.Build.0 = Debug|Any CPU
		{9A9ACE8C-DA3F-4266-8545-DE6B32EC9999}.Release|Any CPU.ActiveCfg = Release|Any CPU
		{9A9ACE8C-DA3F-4266-8545-DE6B32EC9999}.Release|Any CPU.Build.0 = Release|Any CPU
		{9A9ACE8C-DA3F-4266-8545-DE6B32EC9999}.Release|x64.ActiveCfg = Release|Any CPU
		{9A9ACE8C-DA3F-4266-8545-DE6B32EC9999}.Release|x64.Build.0 = Release|Any CPU
		{9A9ACE8C-DA3F-4266-8545-DE6B32EC9999}.Release|x86.ActiveCfg = Release|Any CPU
		{9A9ACE8C-DA3F-4266-8545-DE6B32EC9999}.Release|x86.Build.0 = Release|Any CPU
	EndGlobalSection
EndGlobal
